// !$*UTF8*$!
{
	archiveVersion = 1;
	classes = {
	};
	objectVersion = 46;
	objects = {

/* Begin PBXBuildFile section */
		0903F7AD17EE9927009383D7 /* imageMenu0.png in Resources */ = {isa = PBXBuildFile; fileRef = 0903F7AC17EE9927009383D7 /* imageMenu0.png */; };
		0906194117C6AC7C00C36A79 /* textLableBg.png in Resources */ = {isa = PBXBuildFile; fileRef = 0906194017C6AC7C00C36A79 /* textLableBg.png */; };
		090BDD6B17EB32BB00B767A5 /* PTN57F.ttf in Resources */ = {isa = PBXBuildFile; fileRef = 094D324117EB1F7900D685EF /* PTN57F.ttf */; };
		090BDD6C17EB349400B767A5 /* Futuris Cyrillic.ttf in Resources */ = {isa = PBXBuildFile; fileRef = 090BDD6917EB2B6F00B767A5 /* Futuris Cyrillic.ttf */; };
		090BDD6E17EB7EAA00B767A5 /* buttonBg.png in Resources */ = {isa = PBXBuildFile; fileRef = 090BDD6D17EB7EAA00B767A5 /* buttonBg.png */; };
		090BDD7017EB8C2500B767A5 /* addBtn@2x.png in Resources */ = {isa = PBXBuildFile; fileRef = 090BDD6F17EB8C2500B767A5 /* addBtn@2x.png */; };
		090BDD7217EB8C5D00B767A5 /* navBar4@2x.png in Resources */ = {isa = PBXBuildFile; fileRef = 090BDD7117EB8C5D00B767A5 /* navBar4@2x.png */; };
		090BDD7417EB8C7200B767A5 /* navBarShadow@2x.png in Resources */ = {isa = PBXBuildFile; fileRef = 090BDD7317EB8C7100B767A5 /* navBarShadow@2x.png */; };
		090BDD7817EB8E4000B767A5 /* backBtn@2x.png in Resources */ = {isa = PBXBuildFile; fileRef = 090BDD7717EB8E4000B767A5 /* backBtn@2x.png */; };
		090BDD7A17EB8FC800B767A5 /* rightBtn@2x.png in Resources */ = {isa = PBXBuildFile; fileRef = 090BDD7917EB8FC700B767A5 /* rightBtn@2x.png */; };
		090BDD7C17EB907400B767A5 /* barBtn@2x.png in Resources */ = {isa = PBXBuildFile; fileRef = 090BDD7B17EB907300B767A5 /* barBtn@2x.png */; };
		090BDD8017EB931B00B767A5 /* shareBtn@2x.png in Resources */ = {isa = PBXBuildFile; fileRef = 090BDD7F17EB931B00B767A5 /* shareBtn@2x.png */; };
		090BDD8A17EB9F6B00B767A5 /* imageMenu0@2x.png in Resources */ = {isa = PBXBuildFile; fileRef = 090BDD8917EB9F6B00B767A5 /* imageMenu0@2x.png */; };
		090BDD8E17EBA28300B767A5 /* imageMenu1.png in Resources */ = {isa = PBXBuildFile; fileRef = 090BDD8D17EBA28300B767A5 /* imageMenu1.png */; };
		090BDD9017EBA28B00B767A5 /* imageMenu1@2x.png in Resources */ = {isa = PBXBuildFile; fileRef = 090BDD8F17EBA28A00B767A5 /* imageMenu1@2x.png */; };
		090BDD9317EBA47800B767A5 /* imageMenu2.png in Resources */ = {isa = PBXBuildFile; fileRef = 090BDD9117EBA47700B767A5 /* imageMenu2.png */; };
		090BDD9417EBA47800B767A5 /* imageMenu2@2x.png in Resources */ = {isa = PBXBuildFile; fileRef = 090BDD9217EBA47800B767A5 /* imageMenu2@2x.png */; };
		090C9CBC17CD6418008A5E10 /* CostViewController.m in Sources */ = {isa = PBXBuildFile; fileRef = 090C9CBB17CD6418008A5E10 /* CostViewController.m */; };
		0910CDB817D145D10032060C /* AddSettingsViewController.m in Sources */ = {isa = PBXBuildFile; fileRef = 0910CDB717D145D10032060C /* AddSettingsViewController.m */; };
		091EDBD3182BEC68006A376D /* PlotModel.m in Sources */ = {isa = PBXBuildFile; fileRef = 091EDBD2182BEC68006A376D /* PlotModel.m */; };
		091EDBD9182BED61006A376D /* DiagonalTmp.m in Sources */ = {isa = PBXBuildFile; fileRef = 091EDBD8182BED61006A376D /* DiagonalTmp.m */; };
		091EDBDC182BEE27006A376D /* ProjectPlotCell.m in Sources */ = {isa = PBXBuildFile; fileRef = 091EDBDB182BEE27006A376D /* ProjectPlotCell.m */; };
		091EDBDF182BF04C006A376D /* PlotDiagonal.m in Sources */ = {isa = PBXBuildFile; fileRef = 091EDBDE182BF04C006A376D /* PlotDiagonal.m */; };
		091EDBE2182BF04C006A376D /* PlotSide.m in Sources */ = {isa = PBXBuildFile; fileRef = 091EDBE1182BF04C006A376D /* PlotSide.m */; };
		091EDBE5182BF04C006A376D /* Materials.m in Sources */ = {isa = PBXBuildFile; fileRef = 091EDBE4182BF04C006A376D /* Materials.m */; };
		091EDBE8182BF04D006A376D /* AddPrice.m in Sources */ = {isa = PBXBuildFile; fileRef = 091EDBE7182BF04D006A376D /* AddPrice.m */; };
		091EDBEB182BF04D006A376D /* Plot.m in Sources */ = {isa = PBXBuildFile; fileRef = 091EDBEA182BF04D006A376D /* Plot.m */; };
		091EDBEE182BF04D006A376D /* Projects.m in Sources */ = {isa = PBXBuildFile; fileRef = 091EDBED182BF04D006A376D /* Projects.m */; };
		091EDBF5182BF145006A376D /* guide_new.png in Resources */ = {isa = PBXBuildFile; fileRef = 091EDBEF182BF145006A376D /* guide_new.png */; };
		091EDBF6182BF145006A376D /* guide_new@2x.png in Resources */ = {isa = PBXBuildFile; fileRef = 091EDBF0182BF145006A376D /* guide_new@2x.png */; };
		091EDBF7182BF145006A376D /* home_new.png in Resources */ = {isa = PBXBuildFile; fileRef = 091EDBF1182BF145006A376D /* home_new.png */; };
		091EDBF8182BF145006A376D /* home_new@2x.png in Resources */ = {isa = PBXBuildFile; fileRef = 091EDBF2182BF145006A376D /* home_new@2x.png */; };
		091EDBF9182BF145006A376D /* settings_new.png in Resources */ = {isa = PBXBuildFile; fileRef = 091EDBF3182BF145006A376D /* settings_new.png */; };
		091EDBFA182BF145006A376D /* settings_new@2x.png in Resources */ = {isa = PBXBuildFile; fileRef = 091EDBF4182BF145006A376D /* settings_new@2x.png */; };
		091EDBFF182C05F5006A376D /* project_additionalPlot2.png in Resources */ = {isa = PBXBuildFile; fileRef = 091EDBFB182C05F5006A376D /* project_additionalPlot2.png */; };
		091EDC00182C05F5006A376D /* project_addPlot.png in Resources */ = {isa = PBXBuildFile; fileRef = 091EDBFC182C05F5006A376D /* project_addPlot.png */; };
		091EDC01182C05F5006A376D /* project_deletePlot.png in Resources */ = {isa = PBXBuildFile; fileRef = 091EDBFD182C05F5006A376D /* project_deletePlot.png */; };
		091EDC02182C05F5006A376D /* project_viewPlot.png in Resources */ = {isa = PBXBuildFile; fileRef = 091EDBFE182C05F5006A376D /* project_viewPlot.png */; };
		091EDC05182C0F32006A376D /* tabBarShadow2.png in Resources */ = {isa = PBXBuildFile; fileRef = 091EDC03182C0F32006A376D /* tabBarShadow2.png */; };
		091EDC06182C0F32006A376D /* tabBarShadow2@2x.png in Resources */ = {isa = PBXBuildFile; fileRef = 091EDC04182C0F32006A376D /* tabBarShadow2@2x.png */; };
		091EDC09182C1110006A376D /* tbBackground_new.png in Resources */ = {isa = PBXBuildFile; fileRef = 091EDC07182C1110006A376D /* tbBackground_new.png */; };
		091EDC0A182C1110006A376D /* tbBackground_new@2x.png in Resources */ = {isa = PBXBuildFile; fileRef = 091EDC08182C1110006A376D /* tbBackground_new@2x.png */; };
		0939C0B9182758CA000249CA /* testTableViewController.m in Sources */ = {isa = PBXBuildFile; fileRef = 0939C0B8182758CA000249CA /* testTableViewController.m */; };
		0942DE4C1815004A0088602F /* NewPlotViewController.m in Sources */ = {isa = PBXBuildFile; fileRef = 0942DE4B1815004A0088602F /* NewPlotViewController.m */; };
		094BA1D917F3875700BD1904 /* tbSelected.png in Resources */ = {isa = PBXBuildFile; fileRef = 094BA1D817F3875700BD1904 /* tbSelected.png */; };
		094D320E17E6456300D685EF /* MaterialsListViewController.m in Sources */ = {isa = PBXBuildFile; fileRef = 094D320D17E6456300D685EF /* MaterialsListViewController.m */; };
		094D321117E645A400D685EF /* MaterialsDetailViewController.m in Sources */ = {isa = PBXBuildFile; fileRef = 094D321017E645A400D685EF /* MaterialsDetailViewController.m */; };
		094D322217E9865000D685EF /* ProjectCell.m in Sources */ = {isa = PBXBuildFile; fileRef = 094D322117E9865000D685EF /* ProjectCell.m */; };
		094D322417E9DA5000D685EF /* icon57x57.png in Resources */ = {isa = PBXBuildFile; fileRef = 094D322317E9DA5000D685EF /* icon57x57.png */; };
		094D322617E9E0DA00D685EF /* icon114x114.png in Resources */ = {isa = PBXBuildFile; fileRef = 094D322517E9E0D900D685EF /* icon114x114.png */; };
		094D322E17EA1DF900D685EF /* navBar4.png in Resources */ = {isa = PBXBuildFile; fileRef = 094D322D17EA1DF900D685EF /* navBar4.png */; };
		094D323017EA1F2B00D685EF /* navBarShadow.png in Resources */ = {isa = PBXBuildFile; fileRef = 094D322F17EA1F2B00D685EF /* navBarShadow.png */; };
		094D323217EA33CB00D685EF /* backBtn.png in Resources */ = {isa = PBXBuildFile; fileRef = 094D323117EA33CB00D685EF /* backBtn.png */; };
		094D323417EA3E4C00D685EF /* barBtn.png in Resources */ = {isa = PBXBuildFile; fileRef = 094D323317EA3E4C00D685EF /* barBtn.png */; };
		094D323617EACBE000D685EF /* rightBtn.png in Resources */ = {isa = PBXBuildFile; fileRef = 094D323517EACBDF00D685EF /* rightBtn.png */; };
		094D323817EAD61300D685EF /* addBtn.png in Resources */ = {isa = PBXBuildFile; fileRef = 094D323717EAD61300D685EF /* addBtn.png */; };
		094D323E17EB068B00D685EF /* shareBtn.png in Resources */ = {isa = PBXBuildFile; fileRef = 094D323D17EB068B00D685EF /* shareBtn.png */; };
		09598140177F676E001D2122 /* UIKit.framework in Frameworks */ = {isa = PBXBuildFile; fileRef = 0959813F177F676E001D2122 /* UIKit.framework */; };
		09598142177F676E001D2122 /* Foundation.framework in Frameworks */ = {isa = PBXBuildFile; fileRef = 09598141177F676E001D2122 /* Foundation.framework */; };
		09598144177F676E001D2122 /* CoreGraphics.framework in Frameworks */ = {isa = PBXBuildFile; fileRef = 09598143177F676E001D2122 /* CoreGraphics.framework */; };
		0959814A177F676E001D2122 /* InfoPlist.strings in Resources */ = {isa = PBXBuildFile; fileRef = 09598148177F676E001D2122 /* InfoPlist.strings */; };
		0959814C177F676E001D2122 /* main.m in Sources */ = {isa = PBXBuildFile; fileRef = 0959814B177F676E001D2122 /* main.m */; };
		09598150177F676E001D2122 /* CalcAppDelegate.m in Sources */ = {isa = PBXBuildFile; fileRef = 0959814F177F676E001D2122 /* CalcAppDelegate.m */; };
		09598152177F676E001D2122 /* Default.png in Resources */ = {isa = PBXBuildFile; fileRef = 09598151177F676E001D2122 /* Default.png */; };
		09598154177F676E001D2122 /* Default@2x.png in Resources */ = {isa = PBXBuildFile; fileRef = 09598153177F676E001D2122 /* Default@2x.png */; };
		09598156177F676E001D2122 /* Default-568h@2x.png in Resources */ = {isa = PBXBuildFile; fileRef = 09598155177F676E001D2122 /* Default-568h@2x.png */; };
		09598159177F676E001D2122 /* MainStoryboard.storyboard in Resources */ = {isa = PBXBuildFile; fileRef = 09598157177F676E001D2122 /* MainStoryboard.storyboard */; };
		0959815C177F676E001D2122 /* CalcViewController.m in Sources */ = {isa = PBXBuildFile; fileRef = 0959815B177F676E001D2122 /* CalcViewController.m */; };
		096FD47A17EF5FDC0059F2C4 /* NewProjectListViewController.m in Sources */ = {isa = PBXBuildFile; fileRef = 096FD47917EF5FDC0059F2C4 /* NewProjectListViewController.m */; };
		096FD47D17EF614F0059F2C4 /* NewProjectDetailViewController.m in Sources */ = {isa = PBXBuildFile; fileRef = 096FD47C17EF614F0059F2C4 /* NewProjectDetailViewController.m */; };
		0982697117C27142007DB54D /* MaterialCell.m in Sources */ = {isa = PBXBuildFile; fileRef = 0982697017C27142007DB54D /* MaterialCell.m */; };
		0982697517C3E9C6007DB54D /* emailViewController.m in Sources */ = {isa = PBXBuildFile; fileRef = 0982697417C3E9C6007DB54D /* emailViewController.m */; };
		0982697717C3EE98007DB54D /* MessageUI.framework in Frameworks */ = {isa = PBXBuildFile; fileRef = 0982697617C3EE98007DB54D /* MessageUI.framework */; };
		0982697917C4C5EE007DB54D /* icon.png in Resources */ = {isa = PBXBuildFile; fileRef = 0982697817C4C5EE007DB54D /* icon.png */; };
		098284351822E3B200BE7A9E /* PlotDiagonalViewController.m in Sources */ = {isa = PBXBuildFile; fileRef = 098284341822E3B200BE7A9E /* PlotDiagonalViewController.m */; };
		09879C8217835733005B5E40 /* SettingsViewController.m in Sources */ = {isa = PBXBuildFile; fileRef = 09879C8117835733005B5E40 /* SettingsViewController.m */; };
		09C82BBD1789DD8B00A47057 /* SettingsOptionsModel.m in Sources */ = {isa = PBXBuildFile; fileRef = 09C82BBC1789DD8B00A47057 /* SettingsOptionsModel.m */; };
		09C82BC01789DFE300A47057 /* SettingsService.m in Sources */ = {isa = PBXBuildFile; fileRef = 09C82BBF1789DFE200A47057 /* SettingsService.m */; };
		09C93E881791B78100A4FBDC /* OptionsViewController.m in Sources */ = {isa = PBXBuildFile; fileRef = 09C93E871791B78100A4FBDC /* OptionsViewController.m */; };
		09CA819A17F3AF0E00A3BAE6 /* SliderViewController.m in Sources */ = {isa = PBXBuildFile; fileRef = 09CA819917F3AF0E00A3BAE6 /* SliderViewController.m */; };
		09CA819C17F3B8B800A3BAE6 /* questionmark.png in Resources */ = {isa = PBXBuildFile; fileRef = 09CA819B17F3B8B800A3BAE6 /* questionmark.png */; };
		09D5DF66178CEAA5004FAA8C /* ECSlidingViewController.m in Sources */ = {isa = PBXBuildFile; fileRef = 09D5DF63178CEAA5004FAA8C /* ECSlidingViewController.m */; };
		09D5DF67178CEAA5004FAA8C /* UIImage+ImageWithUIView.m in Sources */ = {isa = PBXBuildFile; fileRef = 09D5DF65178CEAA5004FAA8C /* UIImage+ImageWithUIView.m */; };
		09D5DF6A178CEAED004FAA8C /* InitViewController.m in Sources */ = {isa = PBXBuildFile; fileRef = 09D5DF69178CEAED004FAA8C /* InitViewController.m */; };
		09D5DF6D178CEB32004FAA8C /* MenuViewController.m in Sources */ = {isa = PBXBuildFile; fileRef = 09D5DF6C178CEB32004FAA8C /* MenuViewController.m */; };
		09D5DF70178CEB66004FAA8C /* MainViewController.m in Sources */ = {isa = PBXBuildFile; fileRef = 09D5DF6F178CEB66004FAA8C /* MainViewController.m */; };
		09D5DF77178CEE16004FAA8C /* BuildViewController.m in Sources */ = {isa = PBXBuildFile; fileRef = 09D5DF76178CEE16004FAA8C /* BuildViewController.m */; };
		09E307C017DCE35F006E5CE5 /* CoreData.framework in Frameworks */ = {isa = PBXBuildFile; fileRef = 09E307BF17DCE35F006E5CE5 /* CoreData.framework */; };
		09E307C317DCE6F5006E5CE5 /* Projects.xcdatamodeld in Sources */ = {isa = PBXBuildFile; fileRef = 09E307C117DCE6F5006E5CE5 /* Projects.xcdatamodeld */; };
		26BB58B91827758C007701A6 /* PlotVisualController.m in Sources */ = {isa = PBXBuildFile; fileRef = 26BB58B81827758C007701A6 /* PlotVisualController.m */; };
		26BB58BC1827BAAB007701A6 /* CoordModel.m in Sources */ = {isa = PBXBuildFile; fileRef = 26BB58BB1827BAAB007701A6 /* CoordModel.m */; };
		26BF92FE1788441600C90497 /* PlotRectViewController.m in Sources */ = {isa = PBXBuildFile; fileRef = 26BF92FD1788441600C90497 /* PlotRectViewController.m */; };
		26E76C191812CABC0027A6F4 /* CalculationService.m in Sources */ = {isa = PBXBuildFile; fileRef = 26E76C181812CABC0027A6F4 /* CalculationService.m */; };
/* End PBXBuildFile section */

/* Begin PBXFileReference section */
		0903F7AC17EE9927009383D7 /* imageMenu0.png */ = {isa = PBXFileReference; lastKnownFileType = image.png; path = imageMenu0.png; sourceTree = "<group>"; };
		0906194017C6AC7C00C36A79 /* textLableBg.png */ = {isa = PBXFileReference; lastKnownFileType = image.png; path = textLableBg.png; sourceTree = "<group>"; };
		0906E28A17F33D2A0084D6FD /* XCTest.framework */ = {isa = PBXFileReference; lastKnownFileType = wrapper.framework; name = XCTest.framework; path = Library/Frameworks/XCTest.framework; sourceTree = DEVELOPER_DIR; };
		090BDD6917EB2B6F00B767A5 /* Futuris Cyrillic.ttf */ = {isa = PBXFileReference; lastKnownFileType = file; path = "Futuris Cyrillic.ttf"; sourceTree = "<group>"; };
		090BDD6A17EB2FDE00B767A5 /* Elgethy Upper Condensed.ttf */ = {isa = PBXFileReference; lastKnownFileType = file; path = "Elgethy Upper Condensed.ttf"; sourceTree = "<group>"; };
		090BDD6D17EB7EAA00B767A5 /* buttonBg.png */ = {isa = PBXFileReference; lastKnownFileType = image.png; path = buttonBg.png; sourceTree = "<group>"; };
		090BDD6F17EB8C2500B767A5 /* addBtn@2x.png */ = {isa = PBXFileReference; lastKnownFileType = image.png; path = "addBtn@2x.png"; sourceTree = "<group>"; };
		090BDD7117EB8C5D00B767A5 /* navBar4@2x.png */ = {isa = PBXFileReference; lastKnownFileType = image.png; path = "navBar4@2x.png"; sourceTree = SOURCE_ROOT; };
		090BDD7317EB8C7100B767A5 /* navBarShadow@2x.png */ = {isa = PBXFileReference; lastKnownFileType = image.png; path = "navBarShadow@2x.png"; sourceTree = "<group>"; };
		090BDD7717EB8E4000B767A5 /* backBtn@2x.png */ = {isa = PBXFileReference; lastKnownFileType = image.png; path = "backBtn@2x.png"; sourceTree = "<group>"; };
		090BDD7917EB8FC700B767A5 /* rightBtn@2x.png */ = {isa = PBXFileReference; lastKnownFileType = image.png; path = "rightBtn@2x.png"; sourceTree = "<group>"; };
		090BDD7B17EB907300B767A5 /* barBtn@2x.png */ = {isa = PBXFileReference; lastKnownFileType = image.png; path = "barBtn@2x.png"; sourceTree = "<group>"; };
		090BDD7F17EB931B00B767A5 /* shareBtn@2x.png */ = {isa = PBXFileReference; lastKnownFileType = image.png; path = "shareBtn@2x.png"; sourceTree = "<group>"; };
		090BDD8917EB9F6B00B767A5 /* imageMenu0@2x.png */ = {isa = PBXFileReference; lastKnownFileType = image.png; path = "imageMenu0@2x.png"; sourceTree = "<group>"; };
		090BDD8B17EBA27700B767A5 /* imageMenu0.png */ = {isa = PBXFileReference; lastKnownFileType = image.png; path = imageMenu0.png; sourceTree = "<group>"; };
		090BDD8D17EBA28300B767A5 /* imageMenu1.png */ = {isa = PBXFileReference; lastKnownFileType = image.png; path = imageMenu1.png; sourceTree = "<group>"; };
		090BDD8F17EBA28A00B767A5 /* imageMenu1@2x.png */ = {isa = PBXFileReference; lastKnownFileType = image.png; path = "imageMenu1@2x.png"; sourceTree = "<group>"; };
		090BDD9117EBA47700B767A5 /* imageMenu2.png */ = {isa = PBXFileReference; lastKnownFileType = image.png; path = imageMenu2.png; sourceTree = "<group>"; };
		090BDD9217EBA47800B767A5 /* imageMenu2@2x.png */ = {isa = PBXFileReference; lastKnownFileType = image.png; path = "imageMenu2@2x.png"; sourceTree = "<group>"; };
		090C9CBA17CD6418008A5E10 /* CostViewController.h */ = {isa = PBXFileReference; fileEncoding = 4; lastKnownFileType = sourcecode.c.h; path = CostViewController.h; sourceTree = "<group>"; };
		090C9CBB17CD6418008A5E10 /* CostViewController.m */ = {isa = PBXFileReference; fileEncoding = 4; lastKnownFileType = sourcecode.c.objc; path = CostViewController.m; sourceTree = "<group>"; };
		0910CDB617D145D10032060C /* AddSettingsViewController.h */ = {isa = PBXFileReference; fileEncoding = 4; lastKnownFileType = sourcecode.c.h; path = AddSettingsViewController.h; sourceTree = "<group>"; };
		0910CDB717D145D10032060C /* AddSettingsViewController.m */ = {isa = PBXFileReference; fileEncoding = 4; lastKnownFileType = sourcecode.c.objc; path = AddSettingsViewController.m; sourceTree = "<group>"; };
		091EDBD1182BEC68006A376D /* PlotModel.h */ = {isa = PBXFileReference; fileEncoding = 4; lastKnownFileType = sourcecode.c.h; path = PlotModel.h; sourceTree = "<group>"; };
		091EDBD2182BEC68006A376D /* PlotModel.m */ = {isa = PBXFileReference; fileEncoding = 4; lastKnownFileType = sourcecode.c.objc; path = PlotModel.m; sourceTree = "<group>"; };
		091EDBD7182BED61006A376D /* DiagonalTmp.h */ = {isa = PBXFileReference; fileEncoding = 4; lastKnownFileType = sourcecode.c.h; path = DiagonalTmp.h; sourceTree = "<group>"; };
		091EDBD8182BED61006A376D /* DiagonalTmp.m */ = {isa = PBXFileReference; fileEncoding = 4; lastKnownFileType = sourcecode.c.objc; path = DiagonalTmp.m; sourceTree = "<group>"; };
		091EDBDA182BEE27006A376D /* ProjectPlotCell.h */ = {isa = PBXFileReference; fileEncoding = 4; lastKnownFileType = sourcecode.c.h; path = ProjectPlotCell.h; sourceTree = "<group>"; };
		091EDBDB182BEE27006A376D /* ProjectPlotCell.m */ = {isa = PBXFileReference; fileEncoding = 4; lastKnownFileType = sourcecode.c.objc; path = ProjectPlotCell.m; sourceTree = "<group>"; };
		091EDBDD182BF04C006A376D /* PlotDiagonal.h */ = {isa = PBXFileReference; fileEncoding = 4; lastKnownFileType = sourcecode.c.h; path = PlotDiagonal.h; sourceTree = "<group>"; };
		091EDBDE182BF04C006A376D /* PlotDiagonal.m */ = {isa = PBXFileReference; fileEncoding = 4; lastKnownFileType = sourcecode.c.objc; path = PlotDiagonal.m; sourceTree = "<group>"; };
		091EDBE0182BF04C006A376D /* PlotSide.h */ = {isa = PBXFileReference; fileEncoding = 4; lastKnownFileType = sourcecode.c.h; path = PlotSide.h; sourceTree = "<group>"; };
		091EDBE1182BF04C006A376D /* PlotSide.m */ = {isa = PBXFileReference; fileEncoding = 4; lastKnownFileType = sourcecode.c.objc; path = PlotSide.m; sourceTree = "<group>"; };
		091EDBE3182BF04C006A376D /* Materials.h */ = {isa = PBXFileReference; fileEncoding = 4; lastKnownFileType = sourcecode.c.h; path = Materials.h; sourceTree = "<group>"; };
		091EDBE4182BF04C006A376D /* Materials.m */ = {isa = PBXFileReference; fileEncoding = 4; lastKnownFileType = sourcecode.c.objc; path = Materials.m; sourceTree = "<group>"; };
		091EDBE6182BF04D006A376D /* AddPrice.h */ = {isa = PBXFileReference; fileEncoding = 4; lastKnownFileType = sourcecode.c.h; path = AddPrice.h; sourceTree = "<group>"; };
		091EDBE7182BF04D006A376D /* AddPrice.m */ = {isa = PBXFileReference; fileEncoding = 4; lastKnownFileType = sourcecode.c.objc; path = AddPrice.m; sourceTree = "<group>"; };
		091EDBE9182BF04D006A376D /* Plot.h */ = {isa = PBXFileReference; fileEncoding = 4; lastKnownFileType = sourcecode.c.h; path = Plot.h; sourceTree = "<group>"; };
		091EDBEA182BF04D006A376D /* Plot.m */ = {isa = PBXFileReference; fileEncoding = 4; lastKnownFileType = sourcecode.c.objc; path = Plot.m; sourceTree = "<group>"; };
		091EDBEC182BF04D006A376D /* Projects.h */ = {isa = PBXFileReference; fileEncoding = 4; lastKnownFileType = sourcecode.c.h; path = Projects.h; sourceTree = "<group>"; };
		091EDBED182BF04D006A376D /* Projects.m */ = {isa = PBXFileReference; fileEncoding = 4; lastKnownFileType = sourcecode.c.objc; path = Projects.m; sourceTree = "<group>"; };
		091EDBEF182BF145006A376D /* guide_new.png */ = {isa = PBXFileReference; lastKnownFileType = image.png; path = guide_new.png; sourceTree = "<group>"; };
		091EDBF0182BF145006A376D /* guide_new@2x.png */ = {isa = PBXFileReference; lastKnownFileType = image.png; path = "guide_new@2x.png"; sourceTree = "<group>"; };
		091EDBF1182BF145006A376D /* home_new.png */ = {isa = PBXFileReference; lastKnownFileType = image.png; path = home_new.png; sourceTree = "<group>"; };
		091EDBF2182BF145006A376D /* home_new@2x.png */ = {isa = PBXFileReference; lastKnownFileType = image.png; path = "home_new@2x.png"; sourceTree = "<group>"; };
		091EDBF3182BF145006A376D /* settings_new.png */ = {isa = PBXFileReference; lastKnownFileType = image.png; path = settings_new.png; sourceTree = "<group>"; };
		091EDBF4182BF145006A376D /* settings_new@2x.png */ = {isa = PBXFileReference; lastKnownFileType = image.png; path = "settings_new@2x.png"; sourceTree = "<group>"; };
		091EDBFB182C05F5006A376D /* project_additionalPlot2.png */ = {isa = PBXFileReference; lastKnownFileType = image.png; path = project_additionalPlot2.png; sourceTree = "<group>"; };
		091EDBFC182C05F5006A376D /* project_addPlot.png */ = {isa = PBXFileReference; lastKnownFileType = image.png; path = project_addPlot.png; sourceTree = "<group>"; };
		091EDBFD182C05F5006A376D /* project_deletePlot.png */ = {isa = PBXFileReference; lastKnownFileType = image.png; path = project_deletePlot.png; sourceTree = "<group>"; };
		091EDBFE182C05F5006A376D /* project_viewPlot.png */ = {isa = PBXFileReference; lastKnownFileType = image.png; path = project_viewPlot.png; sourceTree = "<group>"; };
		091EDC03182C0F32006A376D /* tabBarShadow2.png */ = {isa = PBXFileReference; lastKnownFileType = image.png; path = tabBarShadow2.png; sourceTree = "<group>"; };
		091EDC04182C0F32006A376D /* tabBarShadow2@2x.png */ = {isa = PBXFileReference; lastKnownFileType = image.png; path = "tabBarShadow2@2x.png"; sourceTree = "<group>"; };
		091EDC07182C1110006A376D /* tbBackground_new.png */ = {isa = PBXFileReference; lastKnownFileType = image.png; path = tbBackground_new.png; sourceTree = "<group>"; };
		091EDC08182C1110006A376D /* tbBackground_new@2x.png */ = {isa = PBXFileReference; lastKnownFileType = image.png; path = "tbBackground_new@2x.png"; sourceTree = "<group>"; };
		0939C0B7182758CA000249CA /* testTableViewController.h */ = {isa = PBXFileReference; fileEncoding = 4; lastKnownFileType = sourcecode.c.h; path = testTableViewController.h; sourceTree = "<group>"; };
		0939C0B8182758CA000249CA /* testTableViewController.m */ = {isa = PBXFileReference; fileEncoding = 4; lastKnownFileType = sourcecode.c.objc; path = testTableViewController.m; sourceTree = "<group>"; };
		0942DE4A1815004A0088602F /* NewPlotViewController.h */ = {isa = PBXFileReference; fileEncoding = 4; lastKnownFileType = sourcecode.c.h; path = NewPlotViewController.h; sourceTree = "<group>"; };
		0942DE4B1815004A0088602F /* NewPlotViewController.m */ = {isa = PBXFileReference; fileEncoding = 4; lastKnownFileType = sourcecode.c.objc; path = NewPlotViewController.m; sourceTree = "<group>"; };
		094BA1D817F3875700BD1904 /* tbSelected.png */ = {isa = PBXFileReference; lastKnownFileType = image.png; path = tbSelected.png; sourceTree = "<group>"; };
		094D320C17E6456300D685EF /* MaterialsListViewController.h */ = {isa = PBXFileReference; fileEncoding = 4; lastKnownFileType = sourcecode.c.h; path = MaterialsListViewController.h; sourceTree = "<group>"; };
		094D320D17E6456300D685EF /* MaterialsListViewController.m */ = {isa = PBXFileReference; fileEncoding = 4; lastKnownFileType = sourcecode.c.objc; path = MaterialsListViewController.m; sourceTree = "<group>"; };
		094D320F17E645A400D685EF /* MaterialsDetailViewController.h */ = {isa = PBXFileReference; fileEncoding = 4; lastKnownFileType = sourcecode.c.h; path = MaterialsDetailViewController.h; sourceTree = "<group>"; };
		094D321017E645A400D685EF /* MaterialsDetailViewController.m */ = {isa = PBXFileReference; fileEncoding = 4; lastKnownFileType = sourcecode.c.objc; path = MaterialsDetailViewController.m; sourceTree = "<group>"; };
		094D322017E9864F00D685EF /* ProjectCell.h */ = {isa = PBXFileReference; fileEncoding = 4; lastKnownFileType = sourcecode.c.h; path = ProjectCell.h; sourceTree = "<group>"; };
		094D322117E9865000D685EF /* ProjectCell.m */ = {isa = PBXFileReference; fileEncoding = 4; lastKnownFileType = sourcecode.c.objc; path = ProjectCell.m; sourceTree = "<group>"; };
		094D322317E9DA5000D685EF /* icon57x57.png */ = {isa = PBXFileReference; lastKnownFileType = image.png; path = icon57x57.png; sourceTree = "<group>"; };
		094D322517E9E0D900D685EF /* icon114x114.png */ = {isa = PBXFileReference; lastKnownFileType = image.png; path = icon114x114.png; sourceTree = "<group>"; };
		094D322D17EA1DF900D685EF /* navBar4.png */ = {isa = PBXFileReference; lastKnownFileType = image.png; path = navBar4.png; sourceTree = SOURCE_ROOT; };
		094D322F17EA1F2B00D685EF /* navBarShadow.png */ = {isa = PBXFileReference; lastKnownFileType = image.png; path = navBarShadow.png; sourceTree = "<group>"; };
		094D323117EA33CB00D685EF /* backBtn.png */ = {isa = PBXFileReference; lastKnownFileType = image.png; path = backBtn.png; sourceTree = "<group>"; };
		094D323317EA3E4C00D685EF /* barBtn.png */ = {isa = PBXFileReference; lastKnownFileType = image.png; path = barBtn.png; sourceTree = "<group>"; };
		094D323517EACBDF00D685EF /* rightBtn.png */ = {isa = PBXFileReference; lastKnownFileType = image.png; path = rightBtn.png; sourceTree = "<group>"; };
		094D323717EAD61300D685EF /* addBtn.png */ = {isa = PBXFileReference; lastKnownFileType = image.png; path = addBtn.png; sourceTree = "<group>"; };
		094D323D17EB068B00D685EF /* shareBtn.png */ = {isa = PBXFileReference; lastKnownFileType = image.png; path = shareBtn.png; sourceTree = "<group>"; };
		094D324117EB1F7900D685EF /* PTN57F.ttf */ = {isa = PBXFileReference; lastKnownFileType = file; path = PTN57F.ttf; sourceTree = "<group>"; };
		0959813C177F676E001D2122 /* Calculator.app */ = {isa = PBXFileReference; explicitFileType = wrapper.application; includeInIndex = 0; path = Calculator.app; sourceTree = BUILT_PRODUCTS_DIR; };
		0959813F177F676E001D2122 /* UIKit.framework */ = {isa = PBXFileReference; lastKnownFileType = wrapper.framework; name = UIKit.framework; path = System/Library/Frameworks/UIKit.framework; sourceTree = SDKROOT; };
		09598141177F676E001D2122 /* Foundation.framework */ = {isa = PBXFileReference; lastKnownFileType = wrapper.framework; name = Foundation.framework; path = System/Library/Frameworks/Foundation.framework; sourceTree = SDKROOT; };
		09598143177F676E001D2122 /* CoreGraphics.framework */ = {isa = PBXFileReference; lastKnownFileType = wrapper.framework; name = CoreGraphics.framework; path = System/Library/Frameworks/CoreGraphics.framework; sourceTree = SDKROOT; };
		09598147177F676E001D2122 /* Calculator-Info.plist */ = {isa = PBXFileReference; lastKnownFileType = text.plist.xml; path = "Calculator-Info.plist"; sourceTree = "<group>"; };
		09598149177F676E001D2122 /* en */ = {isa = PBXFileReference; lastKnownFileType = text.plist.strings; name = en; path = en.lproj/InfoPlist.strings; sourceTree = "<group>"; };
		0959814B177F676E001D2122 /* main.m */ = {isa = PBXFileReference; lastKnownFileType = sourcecode.c.objc; path = main.m; sourceTree = "<group>"; };
		0959814D177F676E001D2122 /* Calculator-Prefix.pch */ = {isa = PBXFileReference; lastKnownFileType = sourcecode.c.h; path = "Calculator-Prefix.pch"; sourceTree = "<group>"; };
		0959814E177F676E001D2122 /* CalcAppDelegate.h */ = {isa = PBXFileReference; lastKnownFileType = sourcecode.c.h; path = CalcAppDelegate.h; sourceTree = "<group>"; };
		0959814F177F676E001D2122 /* CalcAppDelegate.m */ = {isa = PBXFileReference; lastKnownFileType = sourcecode.c.objc; path = CalcAppDelegate.m; sourceTree = "<group>"; };
		09598151177F676E001D2122 /* Default.png */ = {isa = PBXFileReference; lastKnownFileType = image.png; path = Default.png; sourceTree = "<group>"; };
		09598153177F676E001D2122 /* Default@2x.png */ = {isa = PBXFileReference; lastKnownFileType = image.png; path = "Default@2x.png"; sourceTree = "<group>"; };
		09598155177F676E001D2122 /* Default-568h@2x.png */ = {isa = PBXFileReference; lastKnownFileType = image.png; path = "Default-568h@2x.png"; sourceTree = "<group>"; };
		09598158177F676E001D2122 /* en */ = {isa = PBXFileReference; lastKnownFileType = file.storyboard; name = en; path = en.lproj/MainStoryboard.storyboard; sourceTree = "<group>"; };
		0959815A177F676E001D2122 /* CalcViewController.h */ = {isa = PBXFileReference; lastKnownFileType = sourcecode.c.h; path = CalcViewController.h; sourceTree = "<group>"; };
		0959815B177F676E001D2122 /* CalcViewController.m */ = {isa = PBXFileReference; lastKnownFileType = sourcecode.c.objc; path = CalcViewController.m; sourceTree = "<group>"; };
		096FD47817EF5FDC0059F2C4 /* NewProjectListViewController.h */ = {isa = PBXFileReference; fileEncoding = 4; lastKnownFileType = sourcecode.c.h; path = NewProjectListViewController.h; sourceTree = "<group>"; };
		096FD47917EF5FDC0059F2C4 /* NewProjectListViewController.m */ = {isa = PBXFileReference; fileEncoding = 4; lastKnownFileType = sourcecode.c.objc; path = NewProjectListViewController.m; sourceTree = "<group>"; };
		096FD47B17EF614F0059F2C4 /* NewProjectDetailViewController.h */ = {isa = PBXFileReference; fileEncoding = 4; lastKnownFileType = sourcecode.c.h; path = NewProjectDetailViewController.h; sourceTree = "<group>"; };
		096FD47C17EF614F0059F2C4 /* NewProjectDetailViewController.m */ = {isa = PBXFileReference; fileEncoding = 4; lastKnownFileType = sourcecode.c.objc; path = NewProjectDetailViewController.m; sourceTree = "<group>"; };
		0982696F17C27142007DB54D /* MaterialCell.h */ = {isa = PBXFileReference; fileEncoding = 4; lastKnownFileType = sourcecode.c.h; path = MaterialCell.h; sourceTree = "<group>"; };
		0982697017C27142007DB54D /* MaterialCell.m */ = {isa = PBXFileReference; fileEncoding = 4; lastKnownFileType = sourcecode.c.objc; path = MaterialCell.m; sourceTree = "<group>"; };
		0982697317C3E9C6007DB54D /* emailViewController.h */ = {isa = PBXFileReference; fileEncoding = 4; lastKnownFileType = sourcecode.c.h; path = emailViewController.h; sourceTree = "<group>"; };
		0982697417C3E9C6007DB54D /* emailViewController.m */ = {isa = PBXFileReference; fileEncoding = 4; lastKnownFileType = sourcecode.c.objc; path = emailViewController.m; sourceTree = "<group>"; };
		0982697617C3EE98007DB54D /* MessageUI.framework */ = {isa = PBXFileReference; lastKnownFileType = wrapper.framework; name = MessageUI.framework; path = System/Library/Frameworks/MessageUI.framework; sourceTree = SDKROOT; };
		0982697817C4C5EE007DB54D /* icon.png */ = {isa = PBXFileReference; lastKnownFileType = image.png; path = icon.png; sourceTree = "<group>"; };
		098284331822E3B200BE7A9E /* PlotDiagonalViewController.h */ = {isa = PBXFileReference; fileEncoding = 4; lastKnownFileType = sourcecode.c.h; path = PlotDiagonalViewController.h; sourceTree = "<group>"; };
		098284341822E3B200BE7A9E /* PlotDiagonalViewController.m */ = {isa = PBXFileReference; fileEncoding = 4; lastKnownFileType = sourcecode.c.objc; path = PlotDiagonalViewController.m; sourceTree = "<group>"; };
		09879C8017835733005B5E40 /* SettingsViewController.h */ = {isa = PBXFileReference; fileEncoding = 4; lastKnownFileType = sourcecode.c.h; path = SettingsViewController.h; sourceTree = "<group>"; };
		09879C8117835733005B5E40 /* SettingsViewController.m */ = {isa = PBXFileReference; fileEncoding = 4; lastKnownFileType = sourcecode.c.objc; path = SettingsViewController.m; sourceTree = "<group>"; };
		09C82BBB1789DD8B00A47057 /* SettingsOptionsModel.h */ = {isa = PBXFileReference; fileEncoding = 4; lastKnownFileType = sourcecode.c.h; path = SettingsOptionsModel.h; sourceTree = "<group>"; };
		09C82BBC1789DD8B00A47057 /* SettingsOptionsModel.m */ = {isa = PBXFileReference; fileEncoding = 4; lastKnownFileType = sourcecode.c.objc; path = SettingsOptionsModel.m; sourceTree = "<group>"; };
		09C82BBE1789DFE200A47057 /* SettingsService.h */ = {isa = PBXFileReference; fileEncoding = 4; lastKnownFileType = sourcecode.c.h; path = SettingsService.h; sourceTree = "<group>"; };
		09C82BBF1789DFE200A47057 /* SettingsService.m */ = {isa = PBXFileReference; fileEncoding = 4; lastKnownFileType = sourcecode.c.objc; path = SettingsService.m; sourceTree = "<group>"; };
		09C93E861791B78100A4FBDC /* OptionsViewController.h */ = {isa = PBXFileReference; fileEncoding = 4; lastKnownFileType = sourcecode.c.h; path = OptionsViewController.h; sourceTree = "<group>"; };
		09C93E871791B78100A4FBDC /* OptionsViewController.m */ = {isa = PBXFileReference; fileEncoding = 4; lastKnownFileType = sourcecode.c.objc; path = OptionsViewController.m; sourceTree = "<group>"; };
		09CA819817F3AF0E00A3BAE6 /* SliderViewController.h */ = {isa = PBXFileReference; fileEncoding = 4; lastKnownFileType = sourcecode.c.h; path = SliderViewController.h; sourceTree = "<group>"; };
		09CA819917F3AF0E00A3BAE6 /* SliderViewController.m */ = {isa = PBXFileReference; fileEncoding = 4; lastKnownFileType = sourcecode.c.objc; path = SliderViewController.m; sourceTree = "<group>"; };
		09CA819B17F3B8B800A3BAE6 /* questionmark.png */ = {isa = PBXFileReference; lastKnownFileType = image.png; path = questionmark.png; sourceTree = "<group>"; };
		09D5DF62178CEAA5004FAA8C /* ECSlidingViewController.h */ = {isa = PBXFileReference; fileEncoding = 4; lastKnownFileType = sourcecode.c.h; path = ECSlidingViewController.h; sourceTree = "<group>"; };
		09D5DF63178CEAA5004FAA8C /* ECSlidingViewController.m */ = {isa = PBXFileReference; fileEncoding = 4; lastKnownFileType = sourcecode.c.objc; path = ECSlidingViewController.m; sourceTree = "<group>"; };
		09D5DF64178CEAA5004FAA8C /* UIImage+ImageWithUIView.h */ = {isa = PBXFileReference; fileEncoding = 4; lastKnownFileType = sourcecode.c.h; path = "UIImage+ImageWithUIView.h"; sourceTree = "<group>"; };
		09D5DF65178CEAA5004FAA8C /* UIImage+ImageWithUIView.m */ = {isa = PBXFileReference; fileEncoding = 4; lastKnownFileType = sourcecode.c.objc; path = "UIImage+ImageWithUIView.m"; sourceTree = "<group>"; };
		09D5DF68178CEAED004FAA8C /* InitViewController.h */ = {isa = PBXFileReference; fileEncoding = 4; lastKnownFileType = sourcecode.c.h; path = InitViewController.h; sourceTree = "<group>"; };
		09D5DF69178CEAED004FAA8C /* InitViewController.m */ = {isa = PBXFileReference; fileEncoding = 4; lastKnownFileType = sourcecode.c.objc; path = InitViewController.m; sourceTree = "<group>"; };
		09D5DF6B178CEB32004FAA8C /* MenuViewController.h */ = {isa = PBXFileReference; fileEncoding = 4; lastKnownFileType = sourcecode.c.h; path = MenuViewController.h; sourceTree = "<group>"; };
		09D5DF6C178CEB32004FAA8C /* MenuViewController.m */ = {isa = PBXFileReference; fileEncoding = 4; lastKnownFileType = sourcecode.c.objc; path = MenuViewController.m; sourceTree = "<group>"; };
		09D5DF6E178CEB66004FAA8C /* MainViewController.h */ = {isa = PBXFileReference; fileEncoding = 4; lastKnownFileType = sourcecode.c.h; path = MainViewController.h; sourceTree = "<group>"; };
		09D5DF6F178CEB66004FAA8C /* MainViewController.m */ = {isa = PBXFileReference; fileEncoding = 4; lastKnownFileType = sourcecode.c.objc; path = MainViewController.m; sourceTree = "<group>"; };
		09D5DF75178CEE16004FAA8C /* BuildViewController.h */ = {isa = PBXFileReference; fileEncoding = 4; lastKnownFileType = sourcecode.c.h; path = BuildViewController.h; sourceTree = "<group>"; };
		09D5DF76178CEE16004FAA8C /* BuildViewController.m */ = {isa = PBXFileReference; fileEncoding = 4; lastKnownFileType = sourcecode.c.objc; path = BuildViewController.m; sourceTree = "<group>"; };
		09E307BF17DCE35F006E5CE5 /* CoreData.framework */ = {isa = PBXFileReference; lastKnownFileType = wrapper.framework; name = CoreData.framework; path = System/Library/Frameworks/CoreData.framework; sourceTree = SDKROOT; };
		09E307C217DCE6F5006E5CE5 /* Projects.xcdatamodel */ = {isa = PBXFileReference; lastKnownFileType = wrapper.xcdatamodel; path = Projects.xcdatamodel; sourceTree = "<group>"; };
		26BB58B71827758C007701A6 /* PlotVisualController.h */ = {isa = PBXFileReference; fileEncoding = 4; lastKnownFileType = sourcecode.c.h; path = PlotVisualController.h; sourceTree = "<group>"; };
		26BB58B81827758C007701A6 /* PlotVisualController.m */ = {isa = PBXFileReference; fileEncoding = 4; lastKnownFileType = sourcecode.c.objc; path = PlotVisualController.m; sourceTree = "<group>"; };
		26BB58BA1827BAAB007701A6 /* CoordModel.h */ = {isa = PBXFileReference; fileEncoding = 4; lastKnownFileType = sourcecode.c.h; path = CoordModel.h; sourceTree = "<group>"; };
		26BB58BB1827BAAB007701A6 /* CoordModel.m */ = {isa = PBXFileReference; fileEncoding = 4; lastKnownFileType = sourcecode.c.objc; path = CoordModel.m; sourceTree = "<group>"; };
		26BF92FC1788441600C90497 /* PlotRectViewController.h */ = {isa = PBXFileReference; fileEncoding = 4; lastKnownFileType = sourcecode.c.h; path = PlotRectViewController.h; sourceTree = "<group>"; };
		26BF92FD1788441600C90497 /* PlotRectViewController.m */ = {isa = PBXFileReference; fileEncoding = 4; lastKnownFileType = sourcecode.c.objc; path = PlotRectViewController.m; sourceTree = "<group>"; };
		26E76C171812CABC0027A6F4 /* CalculationService.h */ = {isa = PBXFileReference; fileEncoding = 4; lastKnownFileType = sourcecode.c.h; path = CalculationService.h; sourceTree = "<group>"; };
		26E76C181812CABC0027A6F4 /* CalculationService.m */ = {isa = PBXFileReference; fileEncoding = 4; lastKnownFileType = sourcecode.c.objc; path = CalculationService.m; sourceTree = "<group>"; };
/* End PBXFileReference section */

/* Begin PBXFrameworksBuildPhase section */
		09598139177F676E001D2122 /* Frameworks */ = {
			isa = PBXFrameworksBuildPhase;
			buildActionMask = 2147483647;
			files = (
				09E307C017DCE35F006E5CE5 /* CoreData.framework in Frameworks */,
				0982697717C3EE98007DB54D /* MessageUI.framework in Frameworks */,
				09598140177F676E001D2122 /* UIKit.framework in Frameworks */,
				09598142177F676E001D2122 /* Foundation.framework in Frameworks */,
				09598144177F676E001D2122 /* CoreGraphics.framework in Frameworks */,
			);
			runOnlyForDeploymentPostprocessing = 0;
		};
/* End PBXFrameworksBuildPhase section */

/* Begin PBXGroup section */
		0906E27817F18AFE0084D6FD /* Slider */ = {
			isa = PBXGroup;
			children = (
				09CA819817F3AF0E00A3BAE6 /* SliderViewController.h */,
				09CA819917F3AF0E00A3BAE6 /* SliderViewController.m */,
			);
			name = Slider;
			sourceTree = "<group>";
		};
		0910CDB217D144260032060C /* Additionally Settings */ = {
			isa = PBXGroup;
			children = (
				0910CDB617D145D10032060C /* AddSettingsViewController.h */,
				0910CDB717D145D10032060C /* AddSettingsViewController.m */,
			);
			name = "Additionally Settings";
			sourceTree = "<group>";
		};
		0942DE491814FFD90088602F /* newPlot */ = {
			isa = PBXGroup;
			children = (
				26BB58B71827758C007701A6 /* PlotVisualController.h */,
				26BB58B81827758C007701A6 /* PlotVisualController.m */,
				0942DE4A1815004A0088602F /* NewPlotViewController.h */,
				0942DE4B1815004A0088602F /* NewPlotViewController.m */,
				098284331822E3B200BE7A9E /* PlotDiagonalViewController.h */,
				098284341822E3B200BE7A9E /* PlotDiagonalViewController.m */,
			);
			name = newPlot;
			sourceTree = "<group>";
		};
		094D320B17E6452000D685EF /* Materials */ = {
			isa = PBXGroup;
			children = (
				094D320C17E6456300D685EF /* MaterialsListViewController.h */,
				094D320D17E6456300D685EF /* MaterialsListViewController.m */,
				094D320F17E645A400D685EF /* MaterialsDetailViewController.h */,
				094D321017E645A400D685EF /* MaterialsDetailViewController.m */,
				0982696F17C27142007DB54D /* MaterialCell.h */,
				0982697017C27142007DB54D /* MaterialCell.m */,
			);
			name = Materials;
			sourceTree = "<group>";
		};
		094D321B17E8BDCE00D685EF /* Core Data */ = {
			isa = PBXGroup;
			children = (
				09E307C117DCE6F5006E5CE5 /* Projects.xcdatamodeld */,
				091EDBEC182BF04D006A376D /* Projects.h */,
				091EDBED182BF04D006A376D /* Projects.m */,
				091EDBE9182BF04D006A376D /* Plot.h */,
				091EDBEA182BF04D006A376D /* Plot.m */,
				091EDBE6182BF04D006A376D /* AddPrice.h */,
				091EDBE7182BF04D006A376D /* AddPrice.m */,
				091EDBE3182BF04C006A376D /* Materials.h */,
				091EDBE4182BF04C006A376D /* Materials.m */,
				091EDBE0182BF04C006A376D /* PlotSide.h */,
				091EDBE1182BF04C006A376D /* PlotSide.m */,
				091EDBDD182BF04C006A376D /* PlotDiagonal.h */,
				091EDBDE182BF04C006A376D /* PlotDiagonal.m */,
			);
			name = "Core Data";
			sourceTree = "<group>";
		};
		094D321C17E8BE1500D685EF /* Calculator */ = {
			isa = PBXGroup;
			children = (
				0959815A177F676E001D2122 /* CalcViewController.h */,
				0959815B177F676E001D2122 /* CalcViewController.m */,
			);
			name = Calculator;
			sourceTree = "<group>";
		};
		09598133177F676E001D2122 = {
			isa = PBXGroup;
			children = (
				094D322517E9E0D900D685EF /* icon114x114.png */,
				094D322317E9DA5000D685EF /* icon57x57.png */,
				09E307BF17DCE35F006E5CE5 /* CoreData.framework */,
				0982697617C3EE98007DB54D /* MessageUI.framework */,
				09D5DF61178CEAA5004FAA8C /* ECSlidingViewController */,
				094D321B17E8BDCE00D685EF /* Core Data */,
				09C82BBA1789DD5000A47057 /* Model */,
				09598145177F676E001D2122 /* Calculator */,
				0959813E177F676E001D2122 /* Frameworks */,
				0959813D177F676E001D2122 /* Products */,
			);
			sourceTree = "<group>";
		};
		0959813D177F676E001D2122 /* Products */ = {
			isa = PBXGroup;
			children = (
				0959813C177F676E001D2122 /* Calculator.app */,
			);
			name = Products;
			sourceTree = "<group>";
		};
		0959813E177F676E001D2122 /* Frameworks */ = {
			isa = PBXGroup;
			children = (
				0906E28A17F33D2A0084D6FD /* XCTest.framework */,
				0959813F177F676E001D2122 /* UIKit.framework */,
				09598141177F676E001D2122 /* Foundation.framework */,
				09598143177F676E001D2122 /* CoreGraphics.framework */,
			);
			name = Frameworks;
			sourceTree = "<group>";
		};
		09598145177F676E001D2122 /* Calculator */ = {
			isa = PBXGroup;
			children = (
				096FD47117EF5EBB0059F2C4 /* NewProject */,
				26E76C0F1812C6A80027A6F4 /* Services */,
				0942DE491814FFD90088602F /* newPlot */,
				0906E27817F18AFE0084D6FD /* Slider */,
				094D320B17E6452000D685EF /* Materials */,
				0982697A17C530A5007DB54D /* Settings */,
				0910CDB217D144260032060C /* Additionally Settings */,
				0959814E177F676E001D2122 /* CalcAppDelegate.h */,
				0959814F177F676E001D2122 /* CalcAppDelegate.m */,
				26BF92FC1788441600C90497 /* PlotRectViewController.h */,
				26BF92FD1788441600C90497 /* PlotRectViewController.m */,
				09598157177F676E001D2122 /* MainStoryboard.storyboard */,
				09598146177F676E001D2122 /* Supporting Files */,
				094D321C17E8BE1500D685EF /* Calculator */,
				09D5DF74178CEDC1004FAA8C /* Menu */,
				0982697217C3E9A2007DB54D /* e-mail */,
				0939C0B7182758CA000249CA /* testTableViewController.h */,
				0939C0B8182758CA000249CA /* testTableViewController.m */,
			);
			path = Calculator;
			sourceTree = "<group>";
		};
		09598146177F676E001D2122 /* Supporting Files */ = {
			isa = PBXGroup;
			children = (
				094D323717EAD61300D685EF /* addBtn.png */,
				090BDD6F17EB8C2500B767A5 /* addBtn@2x.png */,
				094D323117EA33CB00D685EF /* backBtn.png */,
				090BDD7717EB8E4000B767A5 /* backBtn@2x.png */,
				094D323317EA3E4C00D685EF /* barBtn.png */,
				090BDD7B17EB907300B767A5 /* barBtn@2x.png */,
				090BDD6D17EB7EAA00B767A5 /* buttonBg.png */,
				09598147177F676E001D2122 /* Calculator-Info.plist */,
				0959814D177F676E001D2122 /* Calculator-Prefix.pch */,
				09598155177F676E001D2122 /* Default-568h@2x.png */,
				09598151177F676E001D2122 /* Default.png */,
				09598153177F676E001D2122 /* Default@2x.png */,
				090BDD6A17EB2FDE00B767A5 /* Elgethy Upper Condensed.ttf */,
				090BDD6917EB2B6F00B767A5 /* Futuris Cyrillic.ttf */,
				091EDBEF182BF145006A376D /* guide_new.png */,
				091EDBF0182BF145006A376D /* guide_new@2x.png */,
				091EDBF1182BF145006A376D /* home_new.png */,
				091EDBF2182BF145006A376D /* home_new@2x.png */,
				0982697817C4C5EE007DB54D /* icon.png */,
				090BDD8B17EBA27700B767A5 /* imageMenu0.png */,
				090BDD8917EB9F6B00B767A5 /* imageMenu0@2x.png */,
				090BDD8D17EBA28300B767A5 /* imageMenu1.png */,
				090BDD8F17EBA28A00B767A5 /* imageMenu1@2x.png */,
				090BDD9117EBA47700B767A5 /* imageMenu2.png */,
				090BDD9217EBA47800B767A5 /* imageMenu2@2x.png */,
				09598148177F676E001D2122 /* InfoPlist.strings */,
				0959814B177F676E001D2122 /* main.m */,
				094D322D17EA1DF900D685EF /* navBar4.png */,
				090BDD7117EB8C5D00B767A5 /* navBar4@2x.png */,
				094D322F17EA1F2B00D685EF /* navBarShadow.png */,
				090BDD7317EB8C7100B767A5 /* navBarShadow@2x.png */,
				091EDBFB182C05F5006A376D /* project_additionalPlot2.png */,
				091EDBFC182C05F5006A376D /* project_addPlot.png */,
				091EDBFD182C05F5006A376D /* project_deletePlot.png */,
				091EDBFE182C05F5006A376D /* project_viewPlot.png */,
				094D324117EB1F7900D685EF /* PTN57F.ttf */,
				09CA819B17F3B8B800A3BAE6 /* questionmark.png */,
				094D323517EACBDF00D685EF /* rightBtn.png */,
				090BDD7917EB8FC700B767A5 /* rightBtn@2x.png */,
				091EDBF3182BF145006A376D /* settings_new.png */,
				091EDBF4182BF145006A376D /* settings_new@2x.png */,
				094D323D17EB068B00D685EF /* shareBtn.png */,
				090BDD7F17EB931B00B767A5 /* shareBtn@2x.png */,
				091EDC07182C1110006A376D /* tbBackground_new.png */,
				091EDC08182C1110006A376D /* tbBackground_new@2x.png */,
				094BA1D817F3875700BD1904 /* tbSelected.png */,
				091EDC03182C0F32006A376D /* tabBarShadow2.png */,
				091EDC04182C0F32006A376D /* tabBarShadow2@2x.png */,
				0906194017C6AC7C00C36A79 /* textLableBg.png */,
				0903F7AC17EE9927009383D7 /* imageMenu0.png */,
				090BDD8B17EBA27700B767A5 /* imageMenu0.png */,
			);
			name = "Supporting Files";
			sourceTree = "<group>";
		};
		096FD47117EF5EBB0059F2C4 /* NewProject */ = {
			isa = PBXGroup;
			children = (
				096FD47817EF5FDC0059F2C4 /* NewProjectListViewController.h */,
				096FD47917EF5FDC0059F2C4 /* NewProjectListViewController.m */,
				096FD47B17EF614F0059F2C4 /* NewProjectDetailViewController.h */,
				096FD47C17EF614F0059F2C4 /* NewProjectDetailViewController.m */,
				090C9CBA17CD6418008A5E10 /* CostViewController.h */,
				090C9CBB17CD6418008A5E10 /* CostViewController.m */,
				094D322017E9864F00D685EF /* ProjectCell.h */,
				094D322117E9865000D685EF /* ProjectCell.m */,
				091EDBDA182BEE27006A376D /* ProjectPlotCell.h */,
				091EDBDB182BEE27006A376D /* ProjectPlotCell.m */,
			);
			name = NewProject;
			sourceTree = "<group>";
		};
		0982697217C3E9A2007DB54D /* e-mail */ = {
			isa = PBXGroup;
			children = (
				0982697317C3E9C6007DB54D /* emailViewController.h */,
				0982697417C3E9C6007DB54D /* emailViewController.m */,
			);
			name = "e-mail";
			sourceTree = "<group>";
		};
		0982697A17C530A5007DB54D /* Settings */ = {
			isa = PBXGroup;
			children = (
				09879C8017835733005B5E40 /* SettingsViewController.h */,
				09879C8117835733005B5E40 /* SettingsViewController.m */,
				09C82BBE1789DFE200A47057 /* SettingsService.h */,
				09C82BBF1789DFE200A47057 /* SettingsService.m */,
				09C93E861791B78100A4FBDC /* OptionsViewController.h */,
				09C93E871791B78100A4FBDC /* OptionsViewController.m */,
			);
			name = Settings;
			sourceTree = "<group>";
		};
		09C82BBA1789DD5000A47057 /* Model */ = {
			isa = PBXGroup;
			children = (
				09C82BBB1789DD8B00A47057 /* SettingsOptionsModel.h */,
				09C82BBC1789DD8B00A47057 /* SettingsOptionsModel.m */,
				26BB58BA1827BAAB007701A6 /* CoordModel.h */,
				26BB58BB1827BAAB007701A6 /* CoordModel.m */,
				091EDBD1182BEC68006A376D /* PlotModel.h */,
				091EDBD2182BEC68006A376D /* PlotModel.m */,
				091EDBD7182BED61006A376D /* DiagonalTmp.h */,
				091EDBD8182BED61006A376D /* DiagonalTmp.m */,
			);
			name = Model;
			path = Calculator;
			sourceTree = "<group>";
		};
		09D5DF61178CEAA5004FAA8C /* ECSlidingViewController */ = {
			isa = PBXGroup;
			children = (
				09D5DF62178CEAA5004FAA8C /* ECSlidingViewController.h */,
				09D5DF63178CEAA5004FAA8C /* ECSlidingViewController.m */,
				09D5DF64178CEAA5004FAA8C /* UIImage+ImageWithUIView.h */,
				09D5DF65178CEAA5004FAA8C /* UIImage+ImageWithUIView.m */,
			);
			name = ECSlidingViewController;
			path = Calculator/ECSlidingViewController;
			sourceTree = "<group>";
		};
		09D5DF74178CEDC1004FAA8C /* Menu */ = {
			isa = PBXGroup;
			children = (
				09D5DF68178CEAED004FAA8C /* InitViewController.h */,
				09D5DF69178CEAED004FAA8C /* InitViewController.m */,
				09D5DF75178CEE16004FAA8C /* BuildViewController.h */,
				09D5DF76178CEE16004FAA8C /* BuildViewController.m */,
				09D5DF6B178CEB32004FAA8C /* MenuViewController.h */,
				09D5DF6C178CEB32004FAA8C /* MenuViewController.m */,
				09D5DF6E178CEB66004FAA8C /* MainViewController.h */,
				09D5DF6F178CEB66004FAA8C /* MainViewController.m */,
			);
			name = Menu;
			sourceTree = "<group>";
		};
		26E76C0F1812C6A80027A6F4 /* Services */ = {
			isa = PBXGroup;
			children = (
				26E76C171812CABC0027A6F4 /* CalculationService.h */,
				26E76C181812CABC0027A6F4 /* CalculationService.m */,
			);
			name = Services;
			sourceTree = "<group>";
		};
/* End PBXGroup section */

/* Begin PBXNativeTarget section */
		0959813B177F676E001D2122 /* Calculator */ = {
			isa = PBXNativeTarget;
			buildConfigurationList = 0959815F177F676E001D2122 /* Build configuration list for PBXNativeTarget "Calculator" */;
			buildPhases = (
				09598138177F676E001D2122 /* Sources */,
				09598139177F676E001D2122 /* Frameworks */,
				0959813A177F676E001D2122 /* Resources */,
			);
			buildRules = (
			);
			dependencies = (
			);
			name = Calculator;
			productName = Calculator;
			productReference = 0959813C177F676E001D2122 /* Calculator.app */;
			productType = "com.apple.product-type.application";
		};
/* End PBXNativeTarget section */

/* Begin PBXProject section */
		09598134177F676E001D2122 /* Project object */ = {
			isa = PBXProject;
			attributes = {
				CLASSPREFIX = Calc;
				LastUpgradeCheck = 0500;
				ORGANIZATIONNAME = "Александр Коровкин";
				TargetAttributes = {
					0959813B177F676E001D2122 = {
						DevelopmentTeam = U36M7Q868D;
					};
				};
			};
			buildConfigurationList = 09598137177F676E001D2122 /* Build configuration list for PBXProject "Calculator" */;
			compatibilityVersion = "Xcode 3.2";
			developmentRegion = English;
			hasScannedForEncodings = 0;
			knownRegions = (
				en,
			);
			mainGroup = 09598133177F676E001D2122;
			productRefGroup = 0959813D177F676E001D2122 /* Products */;
			projectDirPath = "";
			projectRoot = "";
			targets = (
				0959813B177F676E001D2122 /* Calculator */,
			);
		};
/* End PBXProject section */

/* Begin PBXResourcesBuildPhase section */
		0959813A177F676E001D2122 /* Resources */ = {
			isa = PBXResourcesBuildPhase;
			buildActionMask = 2147483647;
			files = (
				091EDC06182C0F32006A376D /* tabBarShadow2@2x.png in Resources */,
				091EDC05182C0F32006A376D /* tabBarShadow2.png in Resources */,
				090BDD6C17EB349400B767A5 /* Futuris Cyrillic.ttf in Resources */,
				090BDD6B17EB32BB00B767A5 /* PTN57F.ttf in Resources */,
				091EDBFF182C05F5006A376D /* project_additionalPlot2.png in Resources */,
				091EDBFA182BF145006A376D /* settings_new@2x.png in Resources */,
				0959814A177F676E001D2122 /* InfoPlist.strings in Resources */,
				09598152177F676E001D2122 /* Default.png in Resources */,
				09598154177F676E001D2122 /* Default@2x.png in Resources */,
				09598156177F676E001D2122 /* Default-568h@2x.png in Resources */,
				09598159177F676E001D2122 /* MainStoryboard.storyboard in Resources */,
				0982697917C4C5EE007DB54D /* icon.png in Resources */,
				0906194117C6AC7C00C36A79 /* textLableBg.png in Resources */,
				091EDC00182C05F5006A376D /* project_addPlot.png in Resources */,
				094D322417E9DA5000D685EF /* icon57x57.png in Resources */,
				094D322617E9E0DA00D685EF /* icon114x114.png in Resources */,
				094D322E17EA1DF900D685EF /* navBar4.png in Resources */,
				094D323017EA1F2B00D685EF /* navBarShadow.png in Resources */,
				091EDBF7182BF145006A376D /* home_new.png in Resources */,
				094D323217EA33CB00D685EF /* backBtn.png in Resources */,
				094D323417EA3E4C00D685EF /* barBtn.png in Resources */,
				091EDC02182C05F5006A376D /* project_viewPlot.png in Resources */,
				091EDBF5182BF145006A376D /* guide_new.png in Resources */,
				094D323617EACBE000D685EF /* rightBtn.png in Resources */,
				094D323817EAD61300D685EF /* addBtn.png in Resources */,
				0903F7AD17EE9927009383D7 /* imageMenu0.png in Resources */,
				09CA819C17F3B8B800A3BAE6 /* questionmark.png in Resources */,
				091EDBF6182BF145006A376D /* guide_new@2x.png in Resources */,
				094D323E17EB068B00D685EF /* shareBtn.png in Resources */,
				090BDD6E17EB7EAA00B767A5 /* buttonBg.png in Resources */,
				091EDC01182C05F5006A376D /* project_deletePlot.png in Resources */,
				094BA1D917F3875700BD1904 /* tbSelected.png in Resources */,
				091EDC09182C1110006A376D /* tbBackground_new.png in Resources */,
				091EDBF9182BF145006A376D /* settings_new.png in Resources */,
				090BDD7017EB8C2500B767A5 /* addBtn@2x.png in Resources */,
				090BDD7217EB8C5D00B767A5 /* navBar4@2x.png in Resources */,
				090BDD7417EB8C7200B767A5 /* navBarShadow@2x.png in Resources */,
				090BDD7817EB8E4000B767A5 /* backBtn@2x.png in Resources */,
				091EDC0A182C1110006A376D /* tbBackground_new@2x.png in Resources */,
				091EDBF8182BF145006A376D /* home_new@2x.png in Resources */,
				090BDD7A17EB8FC800B767A5 /* rightBtn@2x.png in Resources */,
				090BDD7C17EB907400B767A5 /* barBtn@2x.png in Resources */,
				090BDD8017EB931B00B767A5 /* shareBtn@2x.png in Resources */,
				090BDD8A17EB9F6B00B767A5 /* imageMenu0@2x.png in Resources */,
				090BDD8E17EBA28300B767A5 /* imageMenu1.png in Resources */,
				090BDD9017EBA28B00B767A5 /* imageMenu1@2x.png in Resources */,
				090BDD9317EBA47800B767A5 /* imageMenu2.png in Resources */,
				090BDD9417EBA47800B767A5 /* imageMenu2@2x.png in Resources */,
			);
			runOnlyForDeploymentPostprocessing = 0;
		};
/* End PBXResourcesBuildPhase section */

/* Begin PBXSourcesBuildPhase section */
		09598138177F676E001D2122 /* Sources */ = {
			isa = PBXSourcesBuildPhase;
			buildActionMask = 2147483647;
			files = (
				091EDBEB182BF04D006A376D /* Plot.m in Sources */,
				091EDBE5182BF04C006A376D /* Materials.m in Sources */,
				0959814C177F676E001D2122 /* main.m in Sources */,
				09598150177F676E001D2122 /* CalcAppDelegate.m in Sources */,
				091EDBDC182BEE27006A376D /* ProjectPlotCell.m in Sources */,
				0959815C177F676E001D2122 /* CalcViewController.m in Sources */,
				09879C8217835733005B5E40 /* SettingsViewController.m in Sources */,
				0942DE4C1815004A0088602F /* NewPlotViewController.m in Sources */,
				26BF92FE1788441600C90497 /* PlotRectViewController.m in Sources */,
				09C82BBD1789DD8B00A47057 /* SettingsOptionsModel.m in Sources */,
				091EDBE8182BF04D006A376D /* AddPrice.m in Sources */,
				091EDBD9182BED61006A376D /* DiagonalTmp.m in Sources */,
				26BB58B91827758C007701A6 /* PlotVisualController.m in Sources */,
				26BB58BC1827BAAB007701A6 /* CoordModel.m in Sources */,
				09C82BC01789DFE300A47057 /* SettingsService.m in Sources */,
				091EDBEE182BF04D006A376D /* Projects.m in Sources */,
				09D5DF66178CEAA5004FAA8C /* ECSlidingViewController.m in Sources */,
				09D5DF67178CEAA5004FAA8C /* UIImage+ImageWithUIView.m in Sources */,
				09D5DF6A178CEAED004FAA8C /* InitViewController.m in Sources */,
				09D5DF6D178CEB32004FAA8C /* MenuViewController.m in Sources */,
				09D5DF70178CEB66004FAA8C /* MainViewController.m in Sources */,
				09D5DF77178CEE16004FAA8C /* BuildViewController.m in Sources */,
				09C93E881791B78100A4FBDC /* OptionsViewController.m in Sources */,
				0982697117C27142007DB54D /* MaterialCell.m in Sources */,
				0982697517C3E9C6007DB54D /* emailViewController.m in Sources */,
				26E76C191812CABC0027A6F4 /* CalculationService.m in Sources */,
				096FD47D17EF614F0059F2C4 /* NewProjectDetailViewController.m in Sources */,
				09CA819A17F3AF0E00A3BAE6 /* SliderViewController.m in Sources */,
				090C9CBC17CD6418008A5E10 /* CostViewController.m in Sources */,
				0910CDB817D145D10032060C /* AddSettingsViewController.m in Sources */,
				09E307C317DCE6F5006E5CE5 /* Projects.xcdatamodeld in Sources */,
				096FD47A17EF5FDC0059F2C4 /* NewProjectListViewController.m in Sources */,
				094D320E17E6456300D685EF /* MaterialsListViewController.m in Sources */,
				091EDBE2182BF04C006A376D /* PlotSide.m in Sources */,
				094D321117E645A400D685EF /* MaterialsDetailViewController.m in Sources */,
				098284351822E3B200BE7A9E /* PlotDiagonalViewController.m in Sources */,
				0939C0B9182758CA000249CA /* testTableViewController.m in Sources */,
				094D322217E9865000D685EF /* ProjectCell.m in Sources */,
				091EDBD3182BEC68006A376D /* PlotModel.m in Sources */,
				091EDBDF182BF04C006A376D /* PlotDiagonal.m in Sources */,
			);
			runOnlyForDeploymentPostprocessing = 0;
		};
/* End PBXSourcesBuildPhase section */

/* Begin PBXVariantGroup section */
		09598148177F676E001D2122 /* InfoPlist.strings */ = {
			isa = PBXVariantGroup;
			children = (
				09598149177F676E001D2122 /* en */,
			);
			name = InfoPlist.strings;
			sourceTree = "<group>";
		};
		09598157177F676E001D2122 /* MainStoryboard.storyboard */ = {
			isa = PBXVariantGroup;
			children = (
				09598158177F676E001D2122 /* en */,
			);
			name = MainStoryboard.storyboard;
			sourceTree = "<group>";
		};
/* End PBXVariantGroup section */

/* Begin XCBuildConfiguration section */
		0959815D177F676E001D2122 /* Debug */ = {
			isa = XCBuildConfiguration;
			buildSettings = {
				ALWAYS_SEARCH_USER_PATHS = NO;
				CLANG_CXX_LANGUAGE_STANDARD = "gnu++0x";
				CLANG_CXX_LIBRARY = "libc++";
				CLANG_ENABLE_OBJC_ARC = YES;
				CLANG_WARN_CONSTANT_CONVERSION = YES;
				CLANG_WARN_EMPTY_BODY = YES;
				CLANG_WARN_ENUM_CONVERSION = YES;
				CLANG_WARN_INT_CONVERSION = YES;
				CLANG_WARN__DUPLICATE_METHOD_MATCH = YES;
				"CODE_SIGN_IDENTITY[sdk=iphoneos*]" = "iPhone Developer";
				COPY_PHASE_STRIP = NO;
				GCC_C_LANGUAGE_STANDARD = gnu99;
				GCC_DYNAMIC_NO_PIC = NO;
				GCC_OPTIMIZATION_LEVEL = 0;
				GCC_PREPROCESSOR_DEFINITIONS = (
					"DEBUG=1",
					"$(inherited)",
				);
				GCC_SYMBOLS_PRIVATE_EXTERN = NO;
				GCC_WARN_ABOUT_RETURN_TYPE = YES;
				GCC_WARN_UNINITIALIZED_AUTOS = YES;
				GCC_WARN_UNUSED_VARIABLE = YES;
				IPHONEOS_DEPLOYMENT_TARGET = 6.1;
				ONLY_ACTIVE_ARCH = YES;
				SDKROOT = iphoneos;
			};
			name = Debug;
		};
		0959815E177F676E001D2122 /* Release */ = {
			isa = XCBuildConfiguration;
			buildSettings = {
				ALWAYS_SEARCH_USER_PATHS = NO;
				CLANG_CXX_LANGUAGE_STANDARD = "gnu++0x";
				CLANG_CXX_LIBRARY = "libc++";
				CLANG_ENABLE_OBJC_ARC = YES;
				CLANG_WARN_CONSTANT_CONVERSION = YES;
				CLANG_WARN_EMPTY_BODY = YES;
				CLANG_WARN_ENUM_CONVERSION = YES;
				CLANG_WARN_INT_CONVERSION = YES;
				CLANG_WARN__DUPLICATE_METHOD_MATCH = YES;
				"CODE_SIGN_IDENTITY[sdk=iphoneos*]" = "iPhone Developer";
				COPY_PHASE_STRIP = YES;
				GCC_C_LANGUAGE_STANDARD = gnu99;
				GCC_WARN_ABOUT_RETURN_TYPE = YES;
				GCC_WARN_UNINITIALIZED_AUTOS = YES;
				GCC_WARN_UNUSED_VARIABLE = YES;
				IPHONEOS_DEPLOYMENT_TARGET = 6.1;
				OTHER_CFLAGS = "-DNS_BLOCK_ASSERTIONS=1";
				SDKROOT = iphoneos;
				VALIDATE_PRODUCT = YES;
			};
			name = Release;
		};
		09598160177F676E001D2122 /* Debug */ = {
			isa = XCBuildConfiguration;
			buildSettings = {
				CODE_SIGN_IDENTITY = "iPhone Developer";
				"CODE_SIGN_IDENTITY[sdk=iphoneos*]" = "iPhone Developer";
				FRAMEWORK_SEARCH_PATHS = (
					"$(inherited)",
					"$(DEVELOPER_FRAMEWORKS_DIR)",
				);
				GCC_PRECOMPILE_PREFIX_HEADER = YES;
				GCC_PREFIX_HEADER = "Calculator/Calculator-Prefix.pch";
				INFOPLIST_FILE = "Calculator/Calculator-Info.plist";
				IPHONEOS_DEPLOYMENT_TARGET = 6.1;
				PRODUCT_NAME = "$(TARGET_NAME)";
				PROVISIONING_PROFILE = "";
				WRAPPER_EXTENSION = app;
			};
			name = Debug;
		};
		09598161177F676E001D2122 /* Release */ = {
			isa = XCBuildConfiguration;
			buildSettings = {
				CODE_SIGN_IDENTITY = "iPhone Developer";
				"CODE_SIGN_IDENTITY[sdk=iphoneos*]" = "iPhone Developer";
				FRAMEWORK_SEARCH_PATHS = (
					"$(inherited)",
					"$(DEVELOPER_FRAMEWORKS_DIR)",
				);
				GCC_PRECOMPILE_PREFIX_HEADER = YES;
				GCC_PREFIX_HEADER = "Calculator/Calculator-Prefix.pch";
				INFOPLIST_FILE = "Calculator/Calculator-Info.plist";
				IPHONEOS_DEPLOYMENT_TARGET = 6.1;
				PRODUCT_NAME = "$(TARGET_NAME)";
				PROVISIONING_PROFILE = "";
				WRAPPER_EXTENSION = app;
			};
			name = Release;
		};
/* End XCBuildConfiguration section */

/* Begin XCConfigurationList section */
		09598137177F676E001D2122 /* Build configuration list for PBXProject "Calculator" */ = {
			isa = XCConfigurationList;
			buildConfigurations = (
				0959815D177F676E001D2122 /* Debug */,
				0959815E177F676E001D2122 /* Release */,
			);
			defaultConfigurationIsVisible = 0;
			defaultConfigurationName = Release;
		};
		0959815F177F676E001D2122 /* Build configuration list for PBXNativeTarget "Calculator" */ = {
			isa = XCConfigurationList;
			buildConfigurations = (
				09598160177F676E001D2122 /* Debug */,
				09598161177F676E001D2122 /* Release */,
			);
			defaultConfigurationIsVisible = 0;
			defaultConfigurationName = Release;
		};
/* End XCConfigurationList section */

/* Begin XCVersionGroup section */
		09E307C117DCE6F5006E5CE5 /* Projects.xcdatamodeld */ = {
			isa = XCVersionGroup;
			children = (
				09E307C217DCE6F5006E5CE5 /* Projects.xcdatamodel */,
			);
			currentVersion = 09E307C217DCE6F5006E5CE5 /* Projects.xcdatamodel */;
			name = Projects.xcdatamodeld;
			path = Calculator/Projects.xcdatamodeld;
			sourceTree = "<group>";
			versionGroupType = wrapper.xcdatamodel;
		};
/* End XCVersionGroup section */
	};
	rootObject = 09598134177F676E001D2122 /* Project object */;
}
